
Microsoft Visual Studio Solution File, Format Version 12.00
# Visual Studio Version 17
VisualStudioVersion = 17.9.34728.123
MinimumVisualStudioVersion = 10.0.40219.1
Project("{778DAE3C-4631-46EA-AA77-85C1314464D9}") = "ConnectionStandard", "ConnectionStandard.vbproj", "{2700CF6C-FBF2-4A78-B1B4-47B23801CC39}"
EndProject
Global
	GlobalSection(SolutionConfigurationPlatforms) = preSolution
		Debug|Any CPU = Debug|Any CPU
		Release|Any CPU = Release|Any CPU
	EndGlobalSection
	GlobalSection(ProjectConfigurationPlatforms) = postSolution
		{2700CF6C-FBF2-4A78-B1B4-47B23801CC39}.Debug|Any CPU.ActiveCfg = Debug|Any CPU
		{2700CF6C-FBF2-4A78-B1B4-47B23801CC39}.Debug|Any CPU.Build.0 = Debug|Any CPU
		{2700CF6C-FBF2-4A78-B1B4-47B23801CC39}.Release|Any CPU.ActiveCfg = Release|Any CPU
		{2700CF6C-FBF2-4A78-B1B4-47B23801CC39}.Release|Any CPU.Build.0 = Release|Any CPU
	EndGlobalSection
	GlobalSection(SolutionProperties) = preSolution
		HideSolutionNode = FALSE
	EndGlobalSection
	GlobalSection(ExtensibilityGlobals) = postSolution
		SolutionGuid = {FC999CB3-8437-4899-ABC7-9713B1486623}
	EndGlobalSection
EndGlobal
